
Microsoft Visual Studio Solution File, Format Version 12.00
# Visual Studio Version 17
VisualStudioVersion = 17.9.34902.65
MinimumVisualStudioVersion = 10.0.40219.1
Project("{FAE04EC0-301F-11D3-BF4B-00C04F79EFBC}") = "Forum", "Forum\Forum.csproj", "{EDECBCA0-5B09-47A7-80DA-51CDBAECB35C}"
EndProject
Global
	GlobalSection(SolutionConfigurationPlatforms) = preSolution
		Debug|Any CPU = Debug|Any CPU
		Release|Any CPU = Release|Any CPU
	EndGlobalSection
	GlobalSection(ProjectConfigurationPlatforms) = postSolution
		{EDECBCA0-5B09-47A7-80DA-51CDBAECB35C}.Debug|Any CPU.ActiveCfg = Debug|Any CPU
		{EDECBCA0-5B09-47A7-80DA-51CDBAECB35C}.Debug|Any CPU.Build.0 = Debug|Any CPU
		{EDECBCA0-5B09-47A7-80DA-51CDBAECB35C}.Release|Any CPU.ActiveCfg = Release|Any CPU
		{EDECBCA0-5B09-47A7-80DA-51CDBAECB35C}.Release|Any CPU.Build.0 = Release|Any CPU
	EndGlobalSection
	GlobalSection(SolutionProperties) = preSolution
		HideSolutionNode = FALSE
	EndGlobalSection
	GlobalSection(ExtensibilityGlobals) = postSolution
		SolutionGuid = {169F90B5-B907-4A9A-9275-D023DD7E7968}
	EndGlobalSection
EndGlobal
